
Microsoft Visual Studio Solution File, Format Version 12.00
# Visual Studio Version 16
VisualStudioVersion = 16.0.30907.101
MinimumVisualStudioVersion = 10.0.40219.1
Project("{FAE04EC0-301F-11D3-BF4B-00C04F79EFBC}") = "ConsoleApp1", "ConsoleApp1\ConsoleApp1.csproj", "{78045BD0-0A5B-43DB-AB88-0E2F0ECAD0C4}"
EndProject
Project("{FAE04EC0-301F-11D3-BF4B-00C04F79EFBC}") = "WindowsFormsApp1", "WindowsFormsApp1\WindowsFormsApp1.csproj", "{C49AC46B-91C8-4014-991C-508F4F14F591}"
EndProject
Global
	GlobalSection(SolutionConfigurationPlatforms) = preSolution
		Debug|Any CPU = Debug|Any CPU
		Release|Any CPU = Release|Any CPU
	EndGlobalSection
	GlobalSection(ProjectConfigurationPlatforms) = postSolution
		{78045BD0-0A5B-43DB-AB88-0E2F0ECAD0C4}.Debug|Any CPU.ActiveCfg = Debug|Any CPU
		{78045BD0-0A5B-43DB-AB88-0E2F0ECAD0C4}.Debug|Any CPU.Build.0 = Debug|Any CPU
		{78045BD0-0A5B-43DB-AB88-0E2F0ECAD0C4}.Release|Any CPU.ActiveCfg = Release|Any CPU
		{78045BD0-0A5B-43DB-AB88-0E2F0ECAD0C4}.Release|Any CPU.Build.0 = Release|Any CPU
		{C49AC46B-91C8-4014-991C-508F4F14F591}.Debug|Any CPU.ActiveCfg = Debug|Any CPU
		{C49AC46B-91C8-4014-991C-508F4F14F591}.Debug|Any CPU.Build.0 = Debug|Any CPU
		{C49AC46B-91C8-4014-991C-508F4F14F591}.Release|Any CPU.ActiveCfg = Release|Any CPU
		{C49AC46B-91C8-4014-991C-508F4F14F591}.Release|Any CPU.Build.0 = Release|Any CPU
	EndGlobalSection
	GlobalSection(SolutionProperties) = preSolution
		HideSolutionNode = FALSE
	EndGlobalSection
	GlobalSection(ExtensibilityGlobals) = postSolution
		SolutionGuid = {CE8BEC75-2D03-4D57-9610-FA7C9146B8CC}
	EndGlobalSection
EndGlobal
